
Microsoft Visual Studio Solution File, Format Version 12.00
# Visual Studio Version 17
VisualStudioVersion = 17.11.35327.3
MinimumVisualStudioVersion = 10.0.40219.1
Project("{FAE04EC0-301F-11D3-BF4B-00C04F79EFBC}") = "SkakForfanen", "SkakForfanen\SkakForfanen.csproj", "{A65E8061-BA4B-4EC1-A5CC-B0695D5580E2}"
EndProject
Global
	GlobalSection(SolutionConfigurationPlatforms) = preSolution
		Debug|Any CPU = Debug|Any CPU
		Release|Any CPU = Release|Any CPU
	EndGlobalSection
	GlobalSection(ProjectConfigurationPlatforms) = postSolution
		{A65E8061-BA4B-4EC1-A5CC-B0695D5580E2}.Debug|Any CPU.ActiveCfg = Debug|Any CPU
		{A65E8061-BA4B-4EC1-A5CC-B0695D5580E2}.Debug|Any CPU.Build.0 = Debug|Any CPU
		{A65E8061-BA4B-4EC1-A5CC-B0695D5580E2}.Release|Any CPU.ActiveCfg = Release|Any CPU
		{A65E8061-BA4B-4EC1-A5CC-B0695D5580E2}.Release|Any CPU.Build.0 = Release|Any CPU
	EndGlobalSection
	GlobalSection(SolutionProperties) = preSolution
		HideSolutionNode = FALSE
	EndGlobalSection
	GlobalSection(ExtensibilityGlobals) = postSolution
		SolutionGuid = {5AE54F08-A855-4106-A6A4-CA066BF78613}
	EndGlobalSection
EndGlobal
